
Microsoft Visual Studio Solution File, Format Version 12.00
# Visual Studio Version 17
VisualStudioVersion = 17.3.32825.248
MinimumVisualStudioVersion = 10.0.40219.1
Project("{FAE04EC0-301F-11D3-BF4B-00C04F79EFBC}") = "MolarMassCalculator_JT_Naresh_2800", "MolarMassCalculator_JT_Naresh_2800\MolarMassCalculator_JT_Naresh_2800.csproj", "{131965AB-9EFF-4A3F-AD3A-1BC445109F80}"
EndProject
Global
	GlobalSection(SolutionConfigurationPlatforms) = preSolution
		Debug|Any CPU = Debug|Any CPU
		Release|Any CPU = Release|Any CPU
	EndGlobalSection
	GlobalSection(ProjectConfigurationPlatforms) = postSolution
		{131965AB-9EFF-4A3F-AD3A-1BC445109F80}.Debug|Any CPU.ActiveCfg = Debug|Any CPU
		{131965AB-9EFF-4A3F-AD3A-1BC445109F80}.Debug|Any CPU.Build.0 = Debug|Any CPU
		{131965AB-9EFF-4A3F-AD3A-1BC445109F80}.Release|Any CPU.ActiveCfg = Release|Any CPU
		{131965AB-9EFF-4A3F-AD3A-1BC445109F80}.Release|Any CPU.Build.0 = Release|Any CPU
	EndGlobalSection
	GlobalSection(SolutionProperties) = preSolution
		HideSolutionNode = FALSE
	EndGlobalSection
	GlobalSection(ExtensibilityGlobals) = postSolution
		SolutionGuid = {3605AE51-7CB2-427E-832D-3B0B88BF1703}
	EndGlobalSection
EndGlobal
